// !$*UTF8*$!
{
	archiveVersion = 1;
	classes = {
	};
	objectVersion = 46;
	objects = {

/* Begin PBXGroup section */
		CC96778E1D8FBF80000AC1FE = {
			isa = PBXGroup;
			children = (
			);
			sourceTree = "<group>";
		};
/* End PBXGroup section */

/* Begin PBXProject section */
		CC96778F1D8FBF80000AC1FE /* Project object */ = {
			isa = PBXProject;
			attributes = {
				LastUpgradeCheck = 0800;
			};
			buildConfigurationList = CC9677921D8FBF80000AC1FE /* Build configuration list for PBXProject "UsingCinSwift" */;
			compatibilityVersion = "Xcode 3.2";
			developmentRegion = English;
			hasScannedForEncodings = 0;
			knownRegions = (
				en,
			);
			mainGroup = CC96778E1D8FBF80000AC1FE;
			projectDirPath = "";
			projectRoot = "";
			targets = (
			);
		};
/* End PBXProject section */

/* Begin XCBuildConfiguration section */
		CC9677931D8FBF80000AC1FE /* Debug */ = {
			isa = XCBuildConfiguration;
			buildSettings = {
			};
			name = Debug;
		};
		CC9677941D8FBF80000AC1FE /* Release */ = {
			isa = XCBuildConfiguration;
			buildSettings = {
			};
			name = Release;
		};
/* End XCBuildConfiguration section */

/* Begin XCConfigurationList section */
		CC9677921D8FBF80000AC1FE /* Build configuration list for PBXProject "UsingCinSwift" */ = {
			isa = XCConfigurationList;
			buildConfigurations = (
				CC9677931D8FBF80000AC1FE /* Debug */,
				CC9677941D8FBF80000AC1FE /* Release */,
			);
			defaultConfigurationIsVisible = 0;
			defaultConfigurationName = Release;
		};
/* End XCConfigurationList section */
	};
	rootObject = CC96778F1D8FBF80000AC1FE /* Project object */;
}
